PODS:
  - Bucketeer (2.3.1)
  - bucketeer_flutter_client_sdk (2.2.0):
    - Bucketeer (= 2.3.1)
    - Flutter
  - Flutter (1.0.0)
  - integration_test (0.0.1):
    - Flutter
  - shared_preferences_foundation (0.0.1):
    - Flutter
    - FlutterMacOS
  - ua_client_hints (1.2.2):
    - Flutter

DEPENDENCIES:
  - bucketeer_flutter_client_sdk (from `.symlinks/plugins/bucketeer_flutter_client_sdk/ios`)
  - Flutter (from `Flutter`)
  - integration_test (from `.symlinks/plugins/integration_test/ios`)
  - shared_preferences_foundation (from `.symlinks/plugins/shared_preferences_foundation/darwin`)
  - ua_client_hints (from `.symlinks/plugins/ua_client_hints/ios`)

SPEC REPOS:
  https://github.com/CocoaPods/Specs.git:
    - Bucketeer

EXTERNAL SOURCES:
  bucketeer_flutter_client_sdk:
    :path: ".symlinks/plugins/bucketeer_flutter_client_sdk/ios"
  Flutter:
    :path: Flutter
  integration_test:
    :path: ".symlinks/plugins/integration_test/ios"
  shared_preferences_foundation:
    :path: ".symlinks/plugins/shared_preferences_foundation/darwin"
  ua_client_hints:
    :path: ".symlinks/plugins/ua_client_hints/ios"

SPEC CHECKSUMS:
  Bucketeer: b0d46a30a22b64f34873fcfc77fb6bcf13261de7
  bucketeer_flutter_client_sdk: 94221032eb4cf5cfe63b58830e7de2450088e349
  Flutter: e0871f40cf51350855a761d2e70bf5af5b9b5de7
  integration_test: 252f60fa39af5e17c3aa9899d35d908a0721b573
  shared_preferences_foundation: fcdcbc04712aee1108ac7fda236f363274528f78
  ua_client_hints: 7f4e0f5d390685e8f7efd6eb363594f760108926

PODFILE CHECKSUM: c07381a1c8c175e772ab3298d30879b8d184a18c

COCOAPODS: 1.16.2
