PODS:
  - Bucketeer (2.2.0)
  - bucketeer_flutter_client_sdk (2.0.0):
    - Bucketeer (= 2.2.0)
    - Flutter
  - Flutter (1.0.0)
  - integration_test (0.0.1):
    - Flutter
  - shared_preferences_foundation (0.0.1):
    - Flutter
    - FlutterMacOS
  - ua_client_hints (1.2.2):
    - Flutter

DEPENDENCIES:
  - bucketeer_flutter_client_sdk (from `.symlinks/plugins/bucketeer_flutter_client_sdk/ios`)
  - Flutter (from `Flutter`)
  - integration_test (from `.symlinks/plugins/integration_test/ios`)
  - shared_preferences_foundation (from `.symlinks/plugins/shared_preferences_foundation/darwin`)
  - ua_client_hints (from `.symlinks/plugins/ua_client_hints/ios`)

SPEC REPOS:
  trunk:
    - Bucketeer

EXTERNAL SOURCES:
  bucketeer_flutter_client_sdk:
    :path: ".symlinks/plugins/bucketeer_flutter_client_sdk/ios"
  Flutter:
    :path: Flutter
  integration_test:
    :path: ".symlinks/plugins/integration_test/ios"
  shared_preferences_foundation:
    :path: ".symlinks/plugins/shared_preferences_foundation/darwin"
  ua_client_hints:
    :path: ".symlinks/plugins/ua_client_hints/ios"

SPEC CHECKSUMS:
  Bucketeer: a7f1dbb925b237f23f7725022707cfa188d907bb
  bucketeer_flutter_client_sdk: eab2a301b250c6552094e4276be1e631ac3a9074
  Flutter: e0871f40cf51350855a761d2e70bf5af5b9b5de7
  integration_test: ce0a3ffa1de96d1a89ca0ac26fca7ea18a749ef4
  shared_preferences_foundation: fcdcbc04712aee1108ac7fda236f363274528f78
  ua_client_hints: 7f4e0f5d390685e8f7efd6eb363594f760108926

PODFILE CHECKSUM: 59f8de8f40bb382091a43991ef43c063d955e661

COCOAPODS: 1.15.2
